{
  "requires": true,
  "lockfileVersion": 1,
  "dependencies": {
    "docsify-example-panels": {
      "version": "1.0.1",
      "resolved": "https://registry.npmjs.org/docsify-example-panels/-/docsify-example-panels-1.0.1.tgz",
      "integrity": "sha512-8r0c+iCHdauvZ1gHo6/cZ443dlnasQdV2824CZmuWlEN2osOBBTXN9Dnybjt3BsdXBeG1j2MTdeZRU+Gw4NaCA=="
    }
  }
}
